
Microsoft Visual Studio Solution File, Format Version 12.00
# Visual Studio 14
VisualStudioVersion = 14.0.25420.1
MinimumVisualStudioVersion = 10.0.40219.1
Project("{D954291E-2A0B-460D-934E-DC6B0785DB48}") = "App3", "App3\App3\App3.shproj", "{06DD604D-A405-4D81-926B-376C33D920A6}"
EndProject
Project("{FAE04EC0-301F-11D3-BF4B-00C04F79EFBC}") = "App3.Android", "App3\App3.Android\App3.Android.csproj", "{BA1188BE-6CEA-4F6D-ADE8-18EAC525871E}"
EndProject
Project("{FAE04EC0-301F-11D3-BF4B-00C04F79EFBC}") = "App3.iOS", "App3\App3.iOS\App3.iOS.csproj", "{A2447D06-3F25-4C57-9C87-A5FF5275E5AC}"
EndProject
Project("{FAE04EC0-301F-11D3-BF4B-00C04F79EFBC}") = "App3.UWP", "App3\App3.UWP\App3.UWP.csproj", "{618802C5-6843-4C6B-A9B0-FD2BB3102A79}"
EndProject
Global
	GlobalSection(SharedMSBuildProjectFiles) = preSolution
		App3\App3\App3.projitems*{06dd604d-a405-4d81-926b-376c33d920a6}*SharedItemsImports = 13
		App3\App3\App3.projitems*{a2447d06-3f25-4c57-9c87-a5ff5275e5ac}*SharedItemsImports = 4
		App3\App3\App3.projitems*{ba1188be-6cea-4f6d-ade8-18eac525871e}*SharedItemsImports = 4
	EndGlobalSection
	GlobalSection(SolutionConfigurationPlatforms) = preSolution
		Ad-Hoc|Any CPU = Ad-Hoc|Any CPU
		Ad-Hoc|ARM = Ad-Hoc|ARM
		Ad-Hoc|iPhone = Ad-Hoc|iPhone
		Ad-Hoc|iPhoneSimulator = Ad-Hoc|iPhoneSimulator
		Ad-Hoc|x64 = Ad-Hoc|x64
		Ad-Hoc|x86 = Ad-Hoc|x86
		AppStore|Any CPU = AppStore|Any CPU
		AppStore|ARM = AppStore|ARM
		AppStore|iPhone = AppStore|iPhone
		AppStore|iPhoneSimulator = AppStore|iPhoneSimulator
		AppStore|x64 = AppStore|x64
		AppStore|x86 = AppStore|x86
		Debug|Any CPU = Debug|Any CPU
		Debug|ARM = Debug|ARM
		Debug|iPhone = Debug|iPhone
		Debug|iPhoneSimulator = Debug|iPhoneSimulator
		Debug|x64 = Debug|x64
		Debug|x86 = Debug|x86
		Release|Any CPU = Release|Any CPU
		Release|ARM = Release|ARM
		Release|iPhone = Release|iPhone
		Release|iPhoneSimulator = Release|iPhoneSimulator
		Release|x64 = Release|x64
		Release|x86 = Release|x86
	EndGlobalSection
	GlobalSection(ProjectConfigurationPlatforms) = postSolution
		{BA1188BE-6CEA-4F6D-ADE8-18EAC525871E}.Ad-Hoc|Any CPU.ActiveCfg = Release|Any CPU
		{BA1188BE-6CEA-4F6D-ADE8-18EAC525871E}.Ad-Hoc|Any CPU.Build.0 = Release|Any CPU
		{BA1188BE-6CEA-4F6D-ADE8-18EAC525871E}.Ad-Hoc|Any CPU.Deploy.0 = Release|Any CPU
		{BA1188BE-6CEA-4F6D-ADE8-18EAC525871E}.Ad-Hoc|ARM.ActiveCfg = Release|Any CPU
		{BA1188BE-6CEA-4F6D-ADE8-18EAC525871E}.Ad-Hoc|ARM.Build.0 = Release|Any CPU
		{BA1188BE-6CEA-4F6D-ADE8-18EAC525871E}.Ad-Hoc|ARM.Deploy.0 = Release|Any CPU
		{BA1188BE-6CEA-4F6D-ADE8-18EAC525871E}.Ad-Hoc|iPhone.ActiveCfg = Release|Any CPU
		{BA1188BE-6CEA-4F6D-ADE8-18EAC525871E}.Ad-Hoc|iPhone.Build.0 = Release|Any CPU
		{BA1188BE-6CEA-4F6D-ADE8-18EAC525871E}.Ad-Hoc|iPhone.Deploy.0 = Release|Any CPU
		{BA1188BE-6CEA-4F6D-ADE8-18EAC525871E}.Ad-Hoc|iPhoneSimulator.ActiveCfg = Release|Any CPU
		{BA1188BE-6CEA-4F6D-ADE8-18EAC525871E}.Ad-Hoc|iPhoneSimulator.Build.0 = Release|Any CPU
		{BA1188BE-6CEA-4F6D-ADE8-18EAC525871E}.Ad-Hoc|iPhoneSimulator.Deploy.0 = Release|Any CPU
		{BA1188BE-6CEA-4F6D-ADE8-18EAC525871E}.Ad-Hoc|x64.ActiveCfg = Release|Any CPU
		{BA1188BE-6CEA-4F6D-ADE8-18EAC525871E}.Ad-Hoc|x64.Build.0 = Release|Any CPU
		{BA1188BE-6CEA-4F6D-ADE8-18EAC525871E}.Ad-Hoc|x64.Deploy.0 = Release|Any CPU
		{BA1188BE-6CEA-4F6D-ADE8-18EAC525871E}.Ad-Hoc|x86.ActiveCfg = Release|Any CPU
		{BA1188BE-6CEA-4F6D-ADE8-18EAC525871E}.Ad-Hoc|x86.Build.0 = Release|Any CPU
		{BA1188BE-6CEA-4F6D-ADE8-18EAC525871E}.Ad-Hoc|x86.Deploy.0 = Release|Any CPU
		{BA1188BE-6CEA-4F6D-ADE8-18EAC525871E}.AppStore|Any CPU.ActiveCfg = Release|Any CPU
		{BA1188BE-6CEA-4F6D-ADE8-18EAC525871E}.AppStore|Any CPU.Build.0 = Release|Any CPU
		{BA1188BE-6CEA-4F6D-ADE8-18EAC525871E}.AppStore|Any CPU.Deploy.0 = Release|Any CPU
		{BA1188BE-6CEA-4F6D-ADE8-18EAC525871E}.AppStore|ARM.ActiveCfg = Release|Any CPU
		{BA1188BE-6CEA-4F6D-ADE8-18EAC525871E}.AppStore|ARM.Build.0 = Release|Any CPU
		{BA1188BE-6CEA-4F6D-ADE8-18EAC525871E}.AppStore|ARM.Deploy.0 = Release|Any CPU
		{BA1188BE-6CEA-4F6D-ADE8-18EAC525871E}.AppStore|iPhone.ActiveCfg = Release|Any CPU
		{BA1188BE-6CEA-4F6D-ADE8-18EAC525871E}.AppStore|iPhone.Build.0 = Release|Any CPU
		{BA1188BE-6CEA-4F6D-ADE8-18EAC525871E}.AppStore|iPhone.Deploy.0 = Release|Any CPU
		{BA1188BE-6CEA-4F6D-ADE8-18EAC525871E}.AppStore|iPhoneSimulator.ActiveCfg = Release|Any CPU
		{BA1188BE-6CEA-4F6D-ADE8-18EAC525871E}.AppStore|iPhoneSimulator.Build.0 = Release|Any CPU
		{BA1188BE-6CEA-4F6D-ADE8-18EAC525871E}.AppStore|iPhoneSimulator.Deploy.0 = Release|Any CPU
		{BA1188BE-6CEA-4F6D-ADE8-18EAC525871E}.AppStore|x64.ActiveCfg = Release|Any CPU
		{BA1188BE-6CEA-4F6D-ADE8-18EAC525871E}.AppStore|x64.Build.0 = Release|Any CPU
		{BA1188BE-6CEA-4F6D-ADE8-18EAC525871E}.AppStore|x64.Deploy.0 = Release|Any CPU
		{BA1188BE-6CEA-4F6D-ADE8-18EAC525871E}.AppStore|x86.ActiveCfg = Release|Any CPU
		{BA1188BE-6CEA-4F6D-ADE8-18EAC525871E}.AppStore|x86.Build.0 = Release|Any CPU
		{BA1188BE-6CEA-4F6D-ADE8-18EAC525871E}.AppStore|x86.Deploy.0 = Release|Any CPU
		{BA1188BE-6CEA-4F6D-ADE8-18EAC525871E}.Debug|Any CPU.ActiveCfg = Debug|Any CPU
		{BA1188BE-6CEA-4F6D-ADE8-18EAC525871E}.Debug|Any CPU.Build.0 = Debug|Any CPU
		{BA1188BE-6CEA-4F6D-ADE8-18EAC525871E}.Debug|Any CPU.Deploy.0 = Debug|Any CPU
		{BA1188BE-6CEA-4F6D-ADE8-18EAC525871E}.Debug|ARM.ActiveCfg = Debug|Any CPU
		{BA1188BE-6CEA-4F6D-ADE8-18EAC525871E}.Debug|ARM.Build.0 = Debug|Any CPU
		{BA1188BE-6CEA-4F6D-ADE8-18EAC525871E}.Debug|ARM.Deploy.0 = Debug|Any CPU
		{BA1188BE-6CEA-4F6D-ADE8-18EAC525871E}.Debug|iPhone.ActiveCfg = Debug|Any CPU
		{BA1188BE-6CEA-4F6D-ADE8-18EAC525871E}.Debug|iPhone.Build.0 = Debug|Any CPU
		{BA1188BE-6CEA-4F6D-ADE8-18EAC525871E}.Debug|iPhone.Deploy.0 = Debug|Any CPU
		{BA1188BE-6CEA-4F6D-ADE8-18EAC525871E}.Debug|iPhoneSimulator.ActiveCfg = Debug|Any CPU
		{BA1188BE-6CEA-4F6D-ADE8-18EAC525871E}.Debug|iPhoneSimulator.Build.0 = Debug|Any CPU
		{BA1188BE-6CEA-4F6D-ADE8-18EAC525871E}.Debug|iPhoneSimulator.Deploy.0 = Debug|Any CPU
		{BA1188BE-6CEA-4F6D-ADE8-18EAC525871E}.Debug|x64.ActiveCfg = Debug|Any CPU
		{BA1188BE-6CEA-4F6D-ADE8-18EAC525871E}.Debug|x64.Build.0 = Debug|Any CPU
		{BA1188BE-6CEA-4F6D-ADE8-18EAC525871E}.Debug|x64.Deploy.0 = Debug|Any CPU
		{BA1188BE-6CEA-4F6D-ADE8-18EAC525871E}.Debug|x86.ActiveCfg = Debug|Any CPU
		{BA1188BE-6CEA-4F6D-ADE8-18EAC525871E}.Debug|x86.Build.0 = Debug|Any CPU
		{BA1188BE-6CEA-4F6D-ADE8-18EAC525871E}.Debug|x86.Deploy.0 = Debug|Any CPU
		{BA1188BE-6CEA-4F6D-ADE8-18EAC525871E}.Release|Any CPU.ActiveCfg = Release|Any CPU
		{BA1188BE-6CEA-4F6D-ADE8-18EAC525871E}.Release|Any CPU.Build.0 = Release|Any CPU
		{BA1188BE-6CEA-4F6D-ADE8-18EAC525871E}.Release|Any CPU.Deploy.0 = Release|Any CPU
		{BA1188BE-6CEA-4F6D-ADE8-18EAC525871E}.Release|ARM.ActiveCfg = Release|Any CPU
		{BA1188BE-6CEA-4F6D-ADE8-18EAC525871E}.Release|ARM.Build.0 = Release|Any CPU
		{BA1188BE-6CEA-4F6D-ADE8-18EAC525871E}.Release|ARM.Deploy.0 = Release|Any CPU
		{BA1188BE-6CEA-4F6D-ADE8-18EAC525871E}.Release|iPhone.ActiveCfg = Release|Any CPU
		{BA1188BE-6CEA-4F6D-ADE8-18EAC525871E}.Release|iPhone.Build.0 = Release|Any CPU
		{BA1188BE-6CEA-4F6D-ADE8-18EAC525871E}.Release|iPhone.Deploy.0 = Release|Any CPU
		{BA1188BE-6CEA-4F6D-ADE8-18EAC525871E}.Release|iPhoneSimulator.ActiveCfg = Release|Any CPU
		{BA1188BE-6CEA-4F6D-ADE8-18EAC525871E}.Release|iPhoneSimulator.Build.0 = Release|Any CPU
		{BA1188BE-6CEA-4F6D-ADE8-18EAC525871E}.Release|iPhoneSimulator.Deploy.0 = Release|Any CPU
		{BA1188BE-6CEA-4F6D-ADE8-18EAC525871E}.Release|x64.ActiveCfg = Release|Any CPU
		{BA1188BE-6CEA-4F6D-ADE8-18EAC525871E}.Release|x64.Build.0 = Release|Any CPU
		{BA1188BE-6CEA-4F6D-ADE8-18EAC525871E}.Release|x64.Deploy.0 = Release|Any CPU
		{BA1188BE-6CEA-4F6D-ADE8-18EAC525871E}.Release|x86.ActiveCfg = Release|Any CPU
		{BA1188BE-6CEA-4F6D-ADE8-18EAC525871E}.Release|x86.Build.0 = Release|Any CPU
		{BA1188BE-6CEA-4F6D-ADE8-18EAC525871E}.Release|x86.Deploy.0 = Release|Any CPU
		{A2447D06-3F25-4C57-9C87-A5FF5275E5AC}.Ad-Hoc|Any CPU.ActiveCfg = Ad-Hoc|iPhone
		{A2447D06-3F25-4C57-9C87-A5FF5275E5AC}.Ad-Hoc|ARM.ActiveCfg = Ad-Hoc|iPhone
		{A2447D06-3F25-4C57-9C87-A5FF5275E5AC}.Ad-Hoc|iPhone.ActiveCfg = Ad-Hoc|iPhone
		{A2447D06-3F25-4C57-9C87-A5FF5275E5AC}.Ad-Hoc|iPhone.Build.0 = Ad-Hoc|iPhone
		{A2447D06-3F25-4C57-9C87-A5FF5275E5AC}.Ad-Hoc|iPhoneSimulator.ActiveCfg = Ad-Hoc|iPhoneSimulator
		{A2447D06-3F25-4C57-9C87-A5FF5275E5AC}.Ad-Hoc|iPhoneSimulator.Build.0 = Ad-Hoc|iPhoneSimulator
		{A2447D06-3F25-4C57-9C87-A5FF5275E5AC}.Ad-Hoc|x64.ActiveCfg = Ad-Hoc|iPhone
		{A2447D06-3F25-4C57-9C87-A5FF5275E5AC}.Ad-Hoc|x86.ActiveCfg = Ad-Hoc|iPhone
		{A2447D06-3F25-4C57-9C87-A5FF5275E5AC}.AppStore|Any CPU.ActiveCfg = AppStore|iPhone
		{A2447D06-3F25-4C57-9C87-A5FF5275E5AC}.AppStore|ARM.ActiveCfg = AppStore|iPhone
		{A2447D06-3F25-4C57-9C87-A5FF5275E5AC}.AppStore|iPhone.ActiveCfg = AppStore|iPhone
		{A2447D06-3F25-4C57-9C87-A5FF5275E5AC}.AppStore|iPhone.Build.0 = AppStore|iPhone
		{A2447D06-3F25-4C57-9C87-A5FF5275E5AC}.AppStore|iPhoneSimulator.ActiveCfg = AppStore|iPhoneSimulator
		{A2447D06-3F25-4C57-9C87-A5FF5275E5AC}.AppStore|iPhoneSimulator.Build.0 = AppStore|iPhoneSimulator
		{A2447D06-3F25-4C57-9C87-A5FF5275E5AC}.AppStore|x64.ActiveCfg = AppStore|iPhone
		{A2447D06-3F25-4C57-9C87-A5FF5275E5AC}.AppStore|x86.ActiveCfg = AppStore|iPhone
		{A2447D06-3F25-4C57-9C87-A5FF5275E5AC}.Debug|Any CPU.ActiveCfg = Debug|iPhone
		{A2447D06-3F25-4C57-9C87-A5FF5275E5AC}.Debug|ARM.ActiveCfg = Debug|iPhone
		{A2447D06-3F25-4C57-9C87-A5FF5275E5AC}.Debug|iPhone.ActiveCfg = Debug|iPhone
		{A2447D06-3F25-4C57-9C87-A5FF5275E5AC}.Debug|iPhone.Build.0 = Debug|iPhone
		{A2447D06-3F25-4C57-9C87-A5FF5275E5AC}.Debug|iPhoneSimulator.ActiveCfg = Debug|iPhoneSimulator
		{A2447D06-3F25-4C57-9C87-A5FF5275E5AC}.Debug|iPhoneSimulator.Build.0 = Debug|iPhoneSimulator
		{A2447D06-3F25-4C57-9C87-A5FF5275E5AC}.Debug|x64.ActiveCfg = Debug|iPhone
		{A2447D06-3F25-4C57-9C87-A5FF5275E5AC}.Debug|x86.ActiveCfg = Debug|iPhone
		{A2447D06-3F25-4C57-9C87-A5FF5275E5AC}.Release|Any CPU.ActiveCfg = Release|iPhone
		{A2447D06-3F25-4C57-9C87-A5FF5275E5AC}.Release|ARM.ActiveCfg = Release|iPhone
		{A2447D06-3F25-4C57-9C87-A5FF5275E5AC}.Release|iPhone.ActiveCfg = Release|iPhone
		{A2447D06-3F25-4C57-9C87-A5FF5275E5AC}.Release|iPhone.Build.0 = Release|iPhone
		{A2447D06-3F25-4C57-9C87-A5FF5275E5AC}.Release|iPhoneSimulator.ActiveCfg = Release|iPhoneSimulator
		{A2447D06-3F25-4C57-9C87-A5FF5275E5AC}.Release|iPhoneSimulator.Build.0 = Release|iPhoneSimulator
		{A2447D06-3F25-4C57-9C87-A5FF5275E5AC}.Release|x64.ActiveCfg = Release|iPhone
		{A2447D06-3F25-4C57-9C87-A5FF5275E5AC}.Release|x86.ActiveCfg = Release|iPhone
		{618802C5-6843-4C6B-A9B0-FD2BB3102A79}.Ad-Hoc|Any CPU.ActiveCfg = Release|x86
		{618802C5-6843-4C6B-A9B0-FD2BB3102A79}.Ad-Hoc|Any CPU.Build.0 = Release|x86
		{618802C5-6843-4C6B-A9B0-FD2BB3102A79}.Ad-Hoc|Any CPU.Deploy.0 = Release|x86
		{618802C5-6843-4C6B-A9B0-FD2BB3102A79}.Ad-Hoc|ARM.ActiveCfg = Release|ARM
		{618802C5-6843-4C6B-A9B0-FD2BB3102A79}.Ad-Hoc|ARM.Build.0 = Release|ARM
		{618802C5-6843-4C6B-A9B0-FD2BB3102A79}.Ad-Hoc|ARM.Deploy.0 = Release|ARM
		{618802C5-6843-4C6B-A9B0-FD2BB3102A79}.Ad-Hoc|iPhone.ActiveCfg = Release|x86
		{618802C5-6843-4C6B-A9B0-FD2BB3102A79}.Ad-Hoc|iPhone.Build.0 = Release|x86
		{618802C5-6843-4C6B-A9B0-FD2BB3102A79}.Ad-Hoc|iPhone.Deploy.0 = Release|x86
		{618802C5-6843-4C6B-A9B0-FD2BB3102A79}.Ad-Hoc|iPhoneSimulator.ActiveCfg = Release|x86
		{618802C5-6843-4C6B-A9B0-FD2BB3102A79}.Ad-Hoc|iPhoneSimulator.Build.0 = Release|x86
		{618802C5-6843-4C6B-A9B0-FD2BB3102A79}.Ad-Hoc|iPhoneSimulator.Deploy.0 = Release|x86
		{618802C5-6843-4C6B-A9B0-FD2BB3102A79}.Ad-Hoc|x64.ActiveCfg = Release|x64
		{618802C5-6843-4C6B-A9B0-FD2BB3102A79}.Ad-Hoc|x64.Build.0 = Release|x64
		{618802C5-6843-4C6B-A9B0-FD2BB3102A79}.Ad-Hoc|x64.Deploy.0 = Release|x64
		{618802C5-6843-4C6B-A9B0-FD2BB3102A79}.Ad-Hoc|x86.ActiveCfg = Release|x86
		{618802C5-6843-4C6B-A9B0-FD2BB3102A79}.Ad-Hoc|x86.Build.0 = Release|x86
		{618802C5-6843-4C6B-A9B0-FD2BB3102A79}.Ad-Hoc|x86.Deploy.0 = Release|x86
		{618802C5-6843-4C6B-A9B0-FD2BB3102A79}.AppStore|Any CPU.ActiveCfg = Release|x86
		{618802C5-6843-4C6B-A9B0-FD2BB3102A79}.AppStore|Any CPU.Build.0 = Release|x86
		{618802C5-6843-4C6B-A9B0-FD2BB3102A79}.AppStore|Any CPU.Deploy.0 = Release|x86
		{618802C5-6843-4C6B-A9B0-FD2BB3102A79}.AppStore|ARM.ActiveCfg = Release|ARM
		{618802C5-6843-4C6B-A9B0-FD2BB3102A79}.AppStore|ARM.Build.0 = Release|ARM
		{618802C5-6843-4C6B-A9B0-FD2BB3102A79}.AppStore|ARM.Deploy.0 = Release|ARM
		{618802C5-6843-4C6B-A9B0-FD2BB3102A79}.AppStore|iPhone.ActiveCfg = Release|x86
		{618802C5-6843-4C6B-A9B0-FD2BB3102A79}.AppStore|iPhone.Build.0 = Release|x86
		{618802C5-6843-4C6B-A9B0-FD2BB3102A79}.AppStore|iPhone.Deploy.0 = Release|x86
		{618802C5-6843-4C6B-A9B0-FD2BB3102A79}.AppStore|iPhoneSimulator.ActiveCfg = Release|x86
		{618802C5-6843-4C6B-A9B0-FD2BB3102A79}.AppStore|iPhoneSimulator.Build.0 = Release|x86
		{618802C5-6843-4C6B-A9B0-FD2BB3102A79}.AppStore|iPhoneSimulator.Deploy.0 = Release|x86
		{618802C5-6843-4C6B-A9B0-FD2BB3102A79}.AppStore|x64.ActiveCfg = Release|x64
		{618802C5-6843-4C6B-A9B0-FD2BB3102A79}.AppStore|x64.Build.0 = Release|x64
		{618802C5-6843-4C6B-A9B0-FD2BB3102A79}.AppStore|x64.Deploy.0 = Release|x64
		{618802C5-6843-4C6B-A9B0-FD2BB3102A79}.AppStore|x86.ActiveCfg = Release|x86
		{618802C5-6843-4C6B-A9B0-FD2BB3102A79}.AppStore|x86.Build.0 = Release|x86
		{618802C5-6843-4C6B-A9B0-FD2BB3102A79}.AppStore|x86.Deploy.0 = Release|x86
		{618802C5-6843-4C6B-A9B0-FD2BB3102A79}.Debug|Any CPU.ActiveCfg = Debug|x86
		{618802C5-6843-4C6B-A9B0-FD2BB3102A79}.Debug|ARM.ActiveCfg = Debug|ARM
		{618802C5-6843-4C6B-A9B0-FD2BB3102A79}.Debug|ARM.Build.0 = Debug|ARM
		{618802C5-6843-4C6B-A9B0-FD2BB3102A79}.Debug|ARM.Deploy.0 = Debug|ARM
		{618802C5-6843-4C6B-A9B0-FD2BB3102A79}.Debug|iPhone.ActiveCfg = Debug|x86
		{618802C5-6843-4C6B-A9B0-FD2BB3102A79}.Debug|iPhoneSimulator.ActiveCfg = Debug|x86
		{618802C5-6843-4C6B-A9B0-FD2BB3102A79}.Debug|x64.ActiveCfg = Debug|x64
		{618802C5-6843-4C6B-A9B0-FD2BB3102A79}.Debug|x64.Build.0 = Debug|x64
		{618802C5-6843-4C6B-A9B0-FD2BB3102A79}.Debug|x64.Deploy.0 = Debug|x64
		{618802C5-6843-4C6B-A9B0-FD2BB3102A79}.Debug|x86.ActiveCfg = Debug|x86
		{618802C5-6843-4C6B-A9B0-FD2BB3102A79}.Debug|x86.Build.0 = Debug|x86
		{618802C5-6843-4C6B-A9B0-FD2BB3102A79}.Debug|x86.Deploy.0 = Debug|x86
		{618802C5-6843-4C6B-A9B0-FD2BB3102A79}.Release|Any CPU.ActiveCfg = Release|x86
		{618802C5-6843-4C6B-A9B0-FD2BB3102A79}.Release|ARM.ActiveCfg = Release|ARM
		{618802C5-6843-4C6B-A9B0-FD2BB3102A79}.Release|ARM.Build.0 = Release|ARM
		{618802C5-6843-4C6B-A9B0-FD2BB3102A79}.Release|ARM.Deploy.0 = Release|ARM
		{618802C5-6843-4C6B-A9B0-FD2BB3102A79}.Release|iPhone.ActiveCfg = Release|x86
		{618802C5-6843-4C6B-A9B0-FD2BB3102A79}.Release|iPhoneSimulator.ActiveCfg = Release|x86
		{618802C5-6843-4C6B-A9B0-FD2BB3102A79}.Release|x64.ActiveCfg = Release|x64
		{618802C5-6843-4C6B-A9B0-FD2BB3102A79}.Release|x64.Build.0 = Release|x64
		{618802C5-6843-4C6B-A9B0-FD2BB3102A79}.Release|x64.Deploy.0 = Release|x64
		{618802C5-6843-4C6B-A9B0-FD2BB3102A79}.Release|x86.ActiveCfg = Release|x86
		{618802C5-6843-4C6B-A9B0-FD2BB3102A79}.Release|x86.Build.0 = Release|x86
		{618802C5-6843-4C6B-A9B0-FD2BB3102A79}.Release|x86.Deploy.0 = Release|x86
	EndGlobalSection
	GlobalSection(SolutionProperties) = preSolution
		HideSolutionNode = FALSE
	EndGlobalSection
EndGlobal
